
Microsoft Visual Studio Solution File, Format Version 12.00
# Visual Studio Version 17
VisualStudioVersion = 17.4.32804.182
MinimumVisualStudioVersion = 10.0.40219.1
Project("{FAE04EC0-301F-11D3-BF4B-00C04F79EFBC}") = "AppSettingsToAzureAppServiceSettings", "AppSettingsToAzureAppServiceSettings\AppSettingsToAzureAppServiceSettings.csproj", "{8A5E4960-1E3B-4042-9FB4-1852379670D2}"
EndProject
Global
	GlobalSection(SolutionConfigurationPlatforms) = preSolution
		Debug|Any CPU = Debug|Any CPU
		Release|Any CPU = Release|Any CPU
	EndGlobalSection
	GlobalSection(ProjectConfigurationPlatforms) = postSolution
		{8A5E4960-1E3B-4042-9FB4-1852379670D2}.Debug|Any CPU.ActiveCfg = Debug|Any CPU
		{8A5E4960-1E3B-4042-9FB4-1852379670D2}.Debug|Any CPU.Build.0 = Debug|Any CPU
		{8A5E4960-1E3B-4042-9FB4-1852379670D2}.Release|Any CPU.ActiveCfg = Release|Any CPU
		{8A5E4960-1E3B-4042-9FB4-1852379670D2}.Release|Any CPU.Build.0 = Release|Any CPU
	EndGlobalSection
	GlobalSection(SolutionProperties) = preSolution
		HideSolutionNode = FALSE
	EndGlobalSection
	GlobalSection(ExtensibilityGlobals) = postSolution
		SolutionGuid = {3B179201-8343-472E-8A54-694D7CCE95A9}
	EndGlobalSection
EndGlobal
